
Microsoft Visual Studio Solution File, Format Version 12.00
# Visual Studio Version 16
VisualStudioVersion = 16.0.30204.135
MinimumVisualStudioVersion = 10.0.40219.1
Project("{FAE04EC0-301F-11D3-BF4B-00C04F79EFBC}") = "TCore.WebControl", "TCore.WebControl.csproj", "{84B4E064-D576-4F70-B54A-3899E50865F4}"
EndProject
Global
	GlobalSection(SolutionConfigurationPlatforms) = preSolution
		Debug|Any CPU = Debug|Any CPU
		Release|Any CPU = Release|Any CPU
	EndGlobalSection
	GlobalSection(ProjectConfigurationPlatforms) = postSolution
		{84B4E064-D576-4F70-B54A-3899E50865F4}.Debug|Any CPU.ActiveCfg = Debug|Any CPU
		{84B4E064-D576-4F70-B54A-3899E50865F4}.Debug|Any CPU.Build.0 = Debug|Any CPU
		{84B4E064-D576-4F70-B54A-3899E50865F4}.Release|Any CPU.ActiveCfg = Release|Any CPU
		{84B4E064-D576-4F70-B54A-3899E50865F4}.Release|Any CPU.Build.0 = Release|Any CPU
	EndGlobalSection
	GlobalSection(SolutionProperties) = preSolution
		HideSolutionNode = FALSE
	EndGlobalSection
	GlobalSection(ExtensibilityGlobals) = postSolution
		SolutionGuid = {356D865C-DBF6-4A95-A58D-22C6D5DBAB7B}
	EndGlobalSection
EndGlobal
